<?xml version="1.0" encoding="UTF-8" standalone="yes" ?>
<CodeBlocks_project_file>
	<FileVersion major="1" minor="6" />
	<Project>
		<Option title="Client ISN" />
		<Option pch_mode="2" />
		<Option compiler="gcc" />
		<Build>
			<Target title="Debug">
				<Option output="bin/Debug/SFML test" prefix_auto="1" extension_auto="1" />
				<Option object_output="obj/Debug/" />
				<Option type="1" />
				<Option compiler="gcc" />
				<Compiler>
					<Add option="-g" />
					<Add directory="/home/jean/Documents/projetISN/ISN/SFML-2.0/include" />
				</Compiler>
				<Linker>
					<Add option="-s" />
					<Add option="-lsfml-graphics" />
					<Add option="-lsfml-window" />
					<Add option="-lsfml-network" />
					<Add option="-lsfml-system" />
					<Add directory="/home/jean/Documents/projetISN/ISN/SFML-2.0/lib" />
				</Linker>
			</Target>
			<Target title="Release">
				<Option output="bin/Release/SFML test" prefix_auto="1" extension_auto="1" />
				<Option object_output="obj/Release/" />
				<Option type="1" />
				<Option compiler="gcc" />
				<Compiler>
					<Add option="-O2" />
					<Add directory="/home/jean/Documents/projetISN/ISN/SFML-2.0/include" />
				</Compiler>
				<Linker>
					<Add option="-s" />
					<Add option="-lsfml-graphics" />
					<Add option="-lsfml-window" />
					<Add option="-lsfml-network" />
					<Add option="-lsfml-system" />
					<Add directory="/home/jean/Documents/projetISN/ISN/SFML-2.0/lib" />
				</Linker>
			</Target>
		</Build>
		<Compiler>
			<Add option="-Wall" />
		</Compiler>
		<Unit filename="include/bonus.h" />
		<Unit filename="include/graphics/mapping.h" />
		<Unit filename="include/missile.h" />
		<Unit filename="include/modules/modules.h" />
		<Unit filename="include/network/PacketList.h" />
		<Unit filename="include/player/player.h" />
		<Unit filename="include/spawn.h" />
		<Unit filename="include/vaisseau.h" />
		<Unit filename="main.cpp" />
		<Unit filename="multiplayer.cpp" />
		<Unit filename="multiplayer.h" />
		<Unit filename="server.h" />
		<Unit filename="solo.cpp" />
		<Unit filename="solo.h" />
		<Unit filename="src/bonus.cpp" />
		<Unit filename="src/graphics/mapping.cpp" />
		<Unit filename="src/missile.cpp" />
		<Unit filename="src/modules/modules.cpp" />
		<Unit filename="src/network/PacketList.cpp" />
		<Unit filename="src/player/player.cpp" />
		<Unit filename="src/spawn.cpp" />
		<Unit filename="src/vaisseau.cpp" />
		<Extensions>
			<code_completion />
			<debugger />
		</Extensions>
	</Project>
</CodeBlocks_project_file>
